# This file is automatically @generated by Cargo.
# It is not intended for manual editing.
version = 3

[[package]]
name = "clap-sys"
version = "0.5.0"

[[package]]
name = "clap-sys"
version = "0.5.0"
source = "registry+https://github.com/rust-lang/crates.io-index"
checksum = "a76abbdb2907f6fd97fb6bc0b7be96b77d328f2dd9669d1075cc03369ed22154"

[[package]]
name = "freeverb"
version = "0.1.0"

[[package]]
name = "freeverb-scarlet"
version = "0.1.0"
dependencies = [
 "clap-sys 0.5.0",
 "clap-sys 0.5.0 (registry+https://github.com/rust-lang/crates.io-index)",
 "freeverb",
]
